
Microsoft Visual Studio Solution File, Format Version 12.00
# Visual Studio Version 16
VisualStudioVersion = 16.0.30717.126
MinimumVisualStudioVersion = 10.0.40219.1
Project("{9A19103F-16F7-4668-BE54-9A1E7A4F7556}") = "DocumentService", "DocumentService.csproj", "{AEF54E6C-4250-4FCC-B9B1-8DA047EF8478}"
EndProject
Project("{FAE04EC0-301F-11D3-BF4B-00C04F79EFBC}") = "DocumentService.Unit.Tests", "..\DocumentService.Unit.Tests\DocumentService.Unit.Tests.csproj", "{FDFFB69D-AB88-4EBB-A6A8-10E63AD49911}"
EndProject
Global
	GlobalSection(SolutionConfigurationPlatforms) = preSolution
		Debug|Any CPU = Debug|Any CPU
		Release|Any CPU = Release|Any CPU
	EndGlobalSection
	GlobalSection(ProjectConfigurationPlatforms) = postSolution
		{AEF54E6C-4250-4FCC-B9B1-8DA047EF8478}.Debug|Any CPU.ActiveCfg = Debug|Any CPU
		{AEF54E6C-4250-4FCC-B9B1-8DA047EF8478}.Debug|Any CPU.Build.0 = Debug|Any CPU
		{AEF54E6C-4250-4FCC-B9B1-8DA047EF8478}.Release|Any CPU.ActiveCfg = Release|Any CPU
		{AEF54E6C-4250-4FCC-B9B1-8DA047EF8478}.Release|Any CPU.Build.0 = Release|Any CPU
		{FDFFB69D-AB88-4EBB-A6A8-10E63AD49911}.Debug|Any CPU.ActiveCfg = Debug|Any CPU
		{FDFFB69D-AB88-4EBB-A6A8-10E63AD49911}.Debug|Any CPU.Build.0 = Debug|Any CPU
		{FDFFB69D-AB88-4EBB-A6A8-10E63AD49911}.Release|Any CPU.ActiveCfg = Release|Any CPU
		{FDFFB69D-AB88-4EBB-A6A8-10E63AD49911}.Release|Any CPU.Build.0 = Release|Any CPU
	EndGlobalSection
	GlobalSection(SolutionProperties) = preSolution
		HideSolutionNode = FALSE
	EndGlobalSection
	GlobalSection(ExtensibilityGlobals) = postSolution
		SolutionGuid = {97D75B34-B0AC-4705-8FFE-4CCB66B76417}
	EndGlobalSection
EndGlobal
